
Microsoft Visual Studio Solution File, Format Version 12.00
# Visual Studio Version 16
VisualStudioVersion = 16.0.30907.101
MinimumVisualStudioVersion = 10.0.40219.1
Project("{FAE04EC0-301F-11D3-BF4B-00C04F79EFBC}") = "Common.DataAccess.Abstraction", "DataAccess.Abstraction\Common.DataAccess.Abstraction.csproj", "{950C034A-2F6F-4829-8409-47710E978DBD}"
EndProject
Project("{FAE04EC0-301F-11D3-BF4B-00C04F79EFBC}") = "Common.DomainModel", "Common.DomainModel\Common.DomainModel.csproj", "{4EB4806C-2F12-4FDC-A2CF-31168355A380}"
EndProject
Project("{FAE04EC0-301F-11D3-BF4B-00C04F79EFBC}") = "Common.DataAccess.Implementation.EF", "Common.DataAccess.Implementation\Common.DataAccess.Implementation.EF.csproj", "{6CC4CC83-59D9-41A0-86B9-62B0818DDA42}"
EndProject
Global
	GlobalSection(SolutionConfigurationPlatforms) = preSolution
		Debug|Any CPU = Debug|Any CPU
		Release|Any CPU = Release|Any CPU
	EndGlobalSection
	GlobalSection(ProjectConfigurationPlatforms) = postSolution
		{950C034A-2F6F-4829-8409-47710E978DBD}.Debug|Any CPU.ActiveCfg = Debug|Any CPU
		{950C034A-2F6F-4829-8409-47710E978DBD}.Debug|Any CPU.Build.0 = Debug|Any CPU
		{950C034A-2F6F-4829-8409-47710E978DBD}.Release|Any CPU.ActiveCfg = Release|Any CPU
		{950C034A-2F6F-4829-8409-47710E978DBD}.Release|Any CPU.Build.0 = Release|Any CPU
		{4EB4806C-2F12-4FDC-A2CF-31168355A380}.Debug|Any CPU.ActiveCfg = Debug|Any CPU
		{4EB4806C-2F12-4FDC-A2CF-31168355A380}.Debug|Any CPU.Build.0 = Debug|Any CPU
		{4EB4806C-2F12-4FDC-A2CF-31168355A380}.Release|Any CPU.ActiveCfg = Release|Any CPU
		{4EB4806C-2F12-4FDC-A2CF-31168355A380}.Release|Any CPU.Build.0 = Release|Any CPU
		{6CC4CC83-59D9-41A0-86B9-62B0818DDA42}.Debug|Any CPU.ActiveCfg = Debug|Any CPU
		{6CC4CC83-59D9-41A0-86B9-62B0818DDA42}.Debug|Any CPU.Build.0 = Debug|Any CPU
		{6CC4CC83-59D9-41A0-86B9-62B0818DDA42}.Release|Any CPU.ActiveCfg = Release|Any CPU
		{6CC4CC83-59D9-41A0-86B9-62B0818DDA42}.Release|Any CPU.Build.0 = Release|Any CPU
	EndGlobalSection
	GlobalSection(SolutionProperties) = preSolution
		HideSolutionNode = FALSE
	EndGlobalSection
	GlobalSection(ExtensibilityGlobals) = postSolution
		SolutionGuid = {32281687-71AD-402D-81FD-EB39227FB0F3}
	EndGlobalSection
EndGlobal
